
Microsoft Visual Studio Solution File, Format Version 12.00
# Visual Studio 15
VisualStudioVersion = 15.0.27428.2015
MinimumVisualStudioVersion = 10.0.40219.1
Project("{FAE04EC0-301F-11D3-BF4B-00C04F79EFBC}") = "DemoTestExample", "DemoTestExample\DemoTestExample.csproj", "{DA0842B3-FDA3-4C02-BCB4-7AE434A9A6CB}"
EndProject
Global
	GlobalSection(SolutionConfigurationPlatforms) = preSolution
		Debug|Any CPU = Debug|Any CPU
		Release|Any CPU = Release|Any CPU
	EndGlobalSection
	GlobalSection(ProjectConfigurationPlatforms) = postSolution
		{DA0842B3-FDA3-4C02-BCB4-7AE434A9A6CB}.Debug|Any CPU.ActiveCfg = Debug|Any CPU
		{DA0842B3-FDA3-4C02-BCB4-7AE434A9A6CB}.Debug|Any CPU.Build.0 = Debug|Any CPU
		{DA0842B3-FDA3-4C02-BCB4-7AE434A9A6CB}.Release|Any CPU.ActiveCfg = Release|Any CPU
		{DA0842B3-FDA3-4C02-BCB4-7AE434A9A6CB}.Release|Any CPU.Build.0 = Release|Any CPU
	EndGlobalSection
	GlobalSection(SolutionProperties) = preSolution
		HideSolutionNode = FALSE
	EndGlobalSection
	GlobalSection(ExtensibilityGlobals) = postSolution
		SolutionGuid = {E617E220-7BCE-4AB3-B7A0-1243FB01F39F}
	EndGlobalSection
EndGlobal
